
Microsoft Visual Studio Solution File, Format Version 12.00
# Visual Studio 14
VisualStudioVersion = 14.0.25123.0
MinimumVisualStudioVersion = 10.0.40219.1
Project("{FAE04EC0-301F-11D3-BF4B-00C04F79EFBC}") = "PulsoPH.Client.Droid", "PulsoPH.Client\PulsoPH.Client.Droid\PulsoPH.Client.Droid.csproj", "{5551F2BF-A471-4964-9DB6-2C8A7B2F9125}"
EndProject
Project("{FAE04EC0-301F-11D3-BF4B-00C04F79EFBC}") = "PulsoPH.Client.iOS", "PulsoPH.Client\PulsoPH.Client.iOS\PulsoPH.Client.iOS.csproj", "{AF205AF0-5277-4A92-8D8A-3F696C1A8CDC}"
EndProject
Project("{FAE04EC0-301F-11D3-BF4B-00C04F79EFBC}") = "PulsoPH.Client.WinPhone", "PulsoPH.Client\PulsoPH.Client.WinPhone\PulsoPH.Client.WinPhone.csproj", "{2F509AD1-DFC1-4C4B-A66E-98C9865E5C1B}"
EndProject
Project("{FAE04EC0-301F-11D3-BF4B-00C04F79EFBC}") = "PulsoPH.Client.Windows", "PulsoPH.Client\PulsoPH.Client.Windows\PulsoPH.Client.Windows.csproj", "{3BCDF221-73C2-48A7-A99D-0CCC6D48DA39}"
EndProject
Project("{FAE04EC0-301F-11D3-BF4B-00C04F79EFBC}") = "PulsoPH.Client", "PulsoPH.Client\PulsoPH.Client\PulsoPH.Client.csproj", "{E5269136-4E9C-4E7A-889A-4875AEEDBC39}"
EndProject
Global
	GlobalSection(SolutionConfigurationPlatforms) = preSolution
		Ad-Hoc|Any CPU = Ad-Hoc|Any CPU
		Ad-Hoc|ARM = Ad-Hoc|ARM
		Ad-Hoc|iPhone = Ad-Hoc|iPhone
		Ad-Hoc|iPhoneSimulator = Ad-Hoc|iPhoneSimulator
		Ad-Hoc|x64 = Ad-Hoc|x64
		Ad-Hoc|x86 = Ad-Hoc|x86
		AppStore|Any CPU = AppStore|Any CPU
		AppStore|ARM = AppStore|ARM
		AppStore|iPhone = AppStore|iPhone
		AppStore|iPhoneSimulator = AppStore|iPhoneSimulator
		AppStore|x64 = AppStore|x64
		AppStore|x86 = AppStore|x86
		Debug|Any CPU = Debug|Any CPU
		Debug|ARM = Debug|ARM
		Debug|iPhone = Debug|iPhone
		Debug|iPhoneSimulator = Debug|iPhoneSimulator
		Debug|x64 = Debug|x64
		Debug|x86 = Debug|x86
		Release|Any CPU = Release|Any CPU
		Release|ARM = Release|ARM
		Release|iPhone = Release|iPhone
		Release|iPhoneSimulator = Release|iPhoneSimulator
		Release|x64 = Release|x64
		Release|x86 = Release|x86
	EndGlobalSection
	GlobalSection(ProjectConfigurationPlatforms) = postSolution
		{5551F2BF-A471-4964-9DB6-2C8A7B2F9125}.Ad-Hoc|Any CPU.ActiveCfg = Release|Any CPU
		{5551F2BF-A471-4964-9DB6-2C8A7B2F9125}.Ad-Hoc|Any CPU.Build.0 = Release|Any CPU
		{5551F2BF-A471-4964-9DB6-2C8A7B2F9125}.Ad-Hoc|Any CPU.Deploy.0 = Release|Any CPU
		{5551F2BF-A471-4964-9DB6-2C8A7B2F9125}.Ad-Hoc|ARM.ActiveCfg = Release|Any CPU
		{5551F2BF-A471-4964-9DB6-2C8A7B2F9125}.Ad-Hoc|ARM.Build.0 = Release|Any CPU
		{5551F2BF-A471-4964-9DB6-2C8A7B2F9125}.Ad-Hoc|ARM.Deploy.0 = Release|Any CPU
		{5551F2BF-A471-4964-9DB6-2C8A7B2F9125}.Ad-Hoc|iPhone.ActiveCfg = Release|Any CPU
		{5551F2BF-A471-4964-9DB6-2C8A7B2F9125}.Ad-Hoc|iPhone.Build.0 = Release|Any CPU
		{5551F2BF-A471-4964-9DB6-2C8A7B2F9125}.Ad-Hoc|iPhone.Deploy.0 = Release|Any CPU
		{5551F2BF-A471-4964-9DB6-2C8A7B2F9125}.Ad-Hoc|iPhoneSimulator.ActiveCfg = Release|Any CPU
		{5551F2BF-A471-4964-9DB6-2C8A7B2F9125}.Ad-Hoc|iPhoneSimulator.Build.0 = Release|Any CPU
		{5551F2BF-A471-4964-9DB6-2C8A7B2F9125}.Ad-Hoc|iPhoneSimulator.Deploy.0 = Release|Any CPU
		{5551F2BF-A471-4964-9DB6-2C8A7B2F9125}.Ad-Hoc|x64.ActiveCfg = Release|Any CPU
		{5551F2BF-A471-4964-9DB6-2C8A7B2F9125}.Ad-Hoc|x64.Build.0 = Release|Any CPU
		{5551F2BF-A471-4964-9DB6-2C8A7B2F9125}.Ad-Hoc|x64.Deploy.0 = Release|Any CPU
		{5551F2BF-A471-4964-9DB6-2C8A7B2F9125}.Ad-Hoc|x86.ActiveCfg = Release|Any CPU
		{5551F2BF-A471-4964-9DB6-2C8A7B2F9125}.Ad-Hoc|x86.Build.0 = Release|Any CPU
		{5551F2BF-A471-4964-9DB6-2C8A7B2F9125}.Ad-Hoc|x86.Deploy.0 = Release|Any CPU
		{5551F2BF-A471-4964-9DB6-2C8A7B2F9125}.AppStore|Any CPU.ActiveCfg = Release|Any CPU
		{5551F2BF-A471-4964-9DB6-2C8A7B2F9125}.AppStore|Any CPU.Build.0 = Release|Any CPU
		{5551F2BF-A471-4964-9DB6-2C8A7B2F9125}.AppStore|Any CPU.Deploy.0 = Release|Any CPU
		{5551F2BF-A471-4964-9DB6-2C8A7B2F9125}.AppStore|ARM.ActiveCfg = Release|Any CPU
		{5551F2BF-A471-4964-9DB6-2C8A7B2F9125}.AppStore|ARM.Build.0 = Release|Any CPU
		{5551F2BF-A471-4964-9DB6-2C8A7B2F9125}.AppStore|ARM.Deploy.0 = Release|Any CPU
		{5551F2BF-A471-4964-9DB6-2C8A7B2F9125}.AppStore|iPhone.ActiveCfg = Release|Any CPU
		{5551F2BF-A471-4964-9DB6-2C8A7B2F9125}.AppStore|iPhone.Build.0 = Release|Any CPU
		{5551F2BF-A471-4964-9DB6-2C8A7B2F9125}.AppStore|iPhone.Deploy.0 = Release|Any CPU
		{5551F2BF-A471-4964-9DB6-2C8A7B2F9125}.AppStore|iPhoneSimulator.ActiveCfg = Release|Any CPU
		{5551F2BF-A471-4964-9DB6-2C8A7B2F9125}.AppStore|iPhoneSimulator.Build.0 = Release|Any CPU
		{5551F2BF-A471-4964-9DB6-2C8A7B2F9125}.AppStore|iPhoneSimulator.Deploy.0 = Release|Any CPU
		{5551F2BF-A471-4964-9DB6-2C8A7B2F9125}.AppStore|x64.ActiveCfg = Release|Any CPU
		{5551F2BF-A471-4964-9DB6-2C8A7B2F9125}.AppStore|x64.Build.0 = Release|Any CPU
		{5551F2BF-A471-4964-9DB6-2C8A7B2F9125}.AppStore|x64.Deploy.0 = Release|Any CPU
		{5551F2BF-A471-4964-9DB6-2C8A7B2F9125}.AppStore|x86.ActiveCfg = Release|Any CPU
		{5551F2BF-A471-4964-9DB6-2C8A7B2F9125}.AppStore|x86.Build.0 = Release|Any CPU
		{5551F2BF-A471-4964-9DB6-2C8A7B2F9125}.AppStore|x86.Deploy.0 = Release|Any CPU
		{5551F2BF-A471-4964-9DB6-2C8A7B2F9125}.Debug|Any CPU.ActiveCfg = Debug|Any CPU
		{5551F2BF-A471-4964-9DB6-2C8A7B2F9125}.Debug|Any CPU.Build.0 = Debug|Any CPU
		{5551F2BF-A471-4964-9DB6-2C8A7B2F9125}.Debug|Any CPU.Deploy.0 = Debug|Any CPU
		{5551F2BF-A471-4964-9DB6-2C8A7B2F9125}.Debug|ARM.ActiveCfg = Debug|Any CPU
		{5551F2BF-A471-4964-9DB6-2C8A7B2F9125}.Debug|ARM.Build.0 = Debug|Any CPU
		{5551F2BF-A471-4964-9DB6-2C8A7B2F9125}.Debug|ARM.Deploy.0 = Debug|Any CPU
		{5551F2BF-A471-4964-9DB6-2C8A7B2F9125}.Debug|iPhone.ActiveCfg = Debug|Any CPU
		{5551F2BF-A471-4964-9DB6-2C8A7B2F9125}.Debug|iPhone.Build.0 = Debug|Any CPU
		{5551F2BF-A471-4964-9DB6-2C8A7B2F9125}.Debug|iPhone.Deploy.0 = Debug|Any CPU
		{5551F2BF-A471-4964-9DB6-2C8A7B2F9125}.Debug|iPhoneSimulator.ActiveCfg = Debug|Any CPU
		{5551F2BF-A471-4964-9DB6-2C8A7B2F9125}.Debug|iPhoneSimulator.Build.0 = Debug|Any CPU
		{5551F2BF-A471-4964-9DB6-2C8A7B2F9125}.Debug|iPhoneSimulator.Deploy.0 = Debug|Any CPU
		{5551F2BF-A471-4964-9DB6-2C8A7B2F9125}.Debug|x64.ActiveCfg = Debug|Any CPU
		{5551F2BF-A471-4964-9DB6-2C8A7B2F9125}.Debug|x64.Build.0 = Debug|Any CPU
		{5551F2BF-A471-4964-9DB6-2C8A7B2F9125}.Debug|x64.Deploy.0 = Debug|Any CPU
		{5551F2BF-A471-4964-9DB6-2C8A7B2F9125}.Debug|x86.ActiveCfg = Debug|Any CPU
		{5551F2BF-A471-4964-9DB6-2C8A7B2F9125}.Debug|x86.Build.0 = Debug|Any CPU
		{5551F2BF-A471-4964-9DB6-2C8A7B2F9125}.Debug|x86.Deploy.0 = Debug|Any CPU
		{5551F2BF-A471-4964-9DB6-2C8A7B2F9125}.Release|Any CPU.ActiveCfg = Release|Any CPU
		{5551F2BF-A471-4964-9DB6-2C8A7B2F9125}.Release|Any CPU.Build.0 = Release|Any CPU
		{5551F2BF-A471-4964-9DB6-2C8A7B2F9125}.Release|Any CPU.Deploy.0 = Release|Any CPU
		{5551F2BF-A471-4964-9DB6-2C8A7B2F9125}.Release|ARM.ActiveCfg = Release|Any CPU
		{5551F2BF-A471-4964-9DB6-2C8A7B2F9125}.Release|ARM.Build.0 = Release|Any CPU
		{5551F2BF-A471-4964-9DB6-2C8A7B2F9125}.Release|ARM.Deploy.0 = Release|Any CPU
		{5551F2BF-A471-4964-9DB6-2C8A7B2F9125}.Release|iPhone.ActiveCfg = Release|Any CPU
		{5551F2BF-A471-4964-9DB6-2C8A7B2F9125}.Release|iPhone.Build.0 = Release|Any CPU
		{5551F2BF-A471-4964-9DB6-2C8A7B2F9125}.Release|iPhone.Deploy.0 = Release|Any CPU
		{5551F2BF-A471-4964-9DB6-2C8A7B2F9125}.Release|iPhoneSimulator.ActiveCfg = Release|Any CPU
		{5551F2BF-A471-4964-9DB6-2C8A7B2F9125}.Release|iPhoneSimulator.Build.0 = Release|Any CPU
		{5551F2BF-A471-4964-9DB6-2C8A7B2F9125}.Release|iPhoneSimulator.Deploy.0 = Release|Any CPU
		{5551F2BF-A471-4964-9DB6-2C8A7B2F9125}.Release|x64.ActiveCfg = Release|Any CPU
		{5551F2BF-A471-4964-9DB6-2C8A7B2F9125}.Release|x64.Build.0 = Release|Any CPU
		{5551F2BF-A471-4964-9DB6-2C8A7B2F9125}.Release|x64.Deploy.0 = Release|Any CPU
		{5551F2BF-A471-4964-9DB6-2C8A7B2F9125}.Release|x86.ActiveCfg = Release|Any CPU
		{5551F2BF-A471-4964-9DB6-2C8A7B2F9125}.Release|x86.Build.0 = Release|Any CPU
		{5551F2BF-A471-4964-9DB6-2C8A7B2F9125}.Release|x86.Deploy.0 = Release|Any CPU
		{AF205AF0-5277-4A92-8D8A-3F696C1A8CDC}.Ad-Hoc|Any CPU.ActiveCfg = Ad-Hoc|iPhone
		{AF205AF0-5277-4A92-8D8A-3F696C1A8CDC}.Ad-Hoc|ARM.ActiveCfg = Ad-Hoc|iPhone
		{AF205AF0-5277-4A92-8D8A-3F696C1A8CDC}.Ad-Hoc|iPhone.ActiveCfg = Ad-Hoc|iPhone
		{AF205AF0-5277-4A92-8D8A-3F696C1A8CDC}.Ad-Hoc|iPhone.Build.0 = Ad-Hoc|iPhone
		{AF205AF0-5277-4A92-8D8A-3F696C1A8CDC}.Ad-Hoc|iPhoneSimulator.ActiveCfg = Ad-Hoc|iPhoneSimulator
		{AF205AF0-5277-4A92-8D8A-3F696C1A8CDC}.Ad-Hoc|iPhoneSimulator.Build.0 = Ad-Hoc|iPhoneSimulator
		{AF205AF0-5277-4A92-8D8A-3F696C1A8CDC}.Ad-Hoc|x64.ActiveCfg = Ad-Hoc|iPhone
		{AF205AF0-5277-4A92-8D8A-3F696C1A8CDC}.Ad-Hoc|x86.ActiveCfg = Ad-Hoc|iPhone
		{AF205AF0-5277-4A92-8D8A-3F696C1A8CDC}.AppStore|Any CPU.ActiveCfg = AppStore|iPhone
		{AF205AF0-5277-4A92-8D8A-3F696C1A8CDC}.AppStore|ARM.ActiveCfg = AppStore|iPhone
		{AF205AF0-5277-4A92-8D8A-3F696C1A8CDC}.AppStore|iPhone.ActiveCfg = AppStore|iPhone
		{AF205AF0-5277-4A92-8D8A-3F696C1A8CDC}.AppStore|iPhone.Build.0 = AppStore|iPhone
		{AF205AF0-5277-4A92-8D8A-3F696C1A8CDC}.AppStore|iPhoneSimulator.ActiveCfg = AppStore|iPhoneSimulator
		{AF205AF0-5277-4A92-8D8A-3F696C1A8CDC}.AppStore|iPhoneSimulator.Build.0 = AppStore|iPhoneSimulator
		{AF205AF0-5277-4A92-8D8A-3F696C1A8CDC}.AppStore|x64.ActiveCfg = AppStore|iPhone
		{AF205AF0-5277-4A92-8D8A-3F696C1A8CDC}.AppStore|x86.ActiveCfg = AppStore|iPhone
		{AF205AF0-5277-4A92-8D8A-3F696C1A8CDC}.Debug|Any CPU.ActiveCfg = Debug|iPhone
		{AF205AF0-5277-4A92-8D8A-3F696C1A8CDC}.Debug|ARM.ActiveCfg = Debug|iPhone
		{AF205AF0-5277-4A92-8D8A-3F696C1A8CDC}.Debug|iPhone.ActiveCfg = Debug|iPhone
		{AF205AF0-5277-4A92-8D8A-3F696C1A8CDC}.Debug|iPhone.Build.0 = Debug|iPhone
		{AF205AF0-5277-4A92-8D8A-3F696C1A8CDC}.Debug|iPhoneSimulator.ActiveCfg = Debug|iPhoneSimulator
		{AF205AF0-5277-4A92-8D8A-3F696C1A8CDC}.Debug|iPhoneSimulator.Build.0 = Debug|iPhoneSimulator
		{AF205AF0-5277-4A92-8D8A-3F696C1A8CDC}.Debug|x64.ActiveCfg = Debug|iPhone
		{AF205AF0-5277-4A92-8D8A-3F696C1A8CDC}.Debug|x86.ActiveCfg = Debug|iPhone
		{AF205AF0-5277-4A92-8D8A-3F696C1A8CDC}.Release|Any CPU.ActiveCfg = Release|iPhone
		{AF205AF0-5277-4A92-8D8A-3F696C1A8CDC}.Release|ARM.ActiveCfg = Release|iPhone
		{AF205AF0-5277-4A92-8D8A-3F696C1A8CDC}.Release|iPhone.ActiveCfg = Release|iPhone
		{AF205AF0-5277-4A92-8D8A-3F696C1A8CDC}.Release|iPhone.Build.0 = Release|iPhone
		{AF205AF0-5277-4A92-8D8A-3F696C1A8CDC}.Release|iPhoneSimulator.ActiveCfg = Release|iPhoneSimulator
		{AF205AF0-5277-4A92-8D8A-3F696C1A8CDC}.Release|iPhoneSimulator.Build.0 = Release|iPhoneSimulator
		{AF205AF0-5277-4A92-8D8A-3F696C1A8CDC}.Release|x64.ActiveCfg = Release|iPhone
		{AF205AF0-5277-4A92-8D8A-3F696C1A8CDC}.Release|x86.ActiveCfg = Release|iPhone
		{2F509AD1-DFC1-4C4B-A66E-98C9865E5C1B}.Ad-Hoc|Any CPU.ActiveCfg = Release|Any CPU
		{2F509AD1-DFC1-4C4B-A66E-98C9865E5C1B}.Ad-Hoc|Any CPU.Build.0 = Release|Any CPU
		{2F509AD1-DFC1-4C4B-A66E-98C9865E5C1B}.Ad-Hoc|Any CPU.Deploy.0 = Release|Any CPU
		{2F509AD1-DFC1-4C4B-A66E-98C9865E5C1B}.Ad-Hoc|ARM.ActiveCfg = Release|ARM
		{2F509AD1-DFC1-4C4B-A66E-98C9865E5C1B}.Ad-Hoc|ARM.Build.0 = Release|ARM
		{2F509AD1-DFC1-4C4B-A66E-98C9865E5C1B}.Ad-Hoc|ARM.Deploy.0 = Release|ARM
		{2F509AD1-DFC1-4C4B-A66E-98C9865E5C1B}.Ad-Hoc|iPhone.ActiveCfg = Release|Any CPU
		{2F509AD1-DFC1-4C4B-A66E-98C9865E5C1B}.Ad-Hoc|iPhone.Build.0 = Release|Any CPU
		{2F509AD1-DFC1-4C4B-A66E-98C9865E5C1B}.Ad-Hoc|iPhone.Deploy.0 = Release|Any CPU
		{2F509AD1-DFC1-4C4B-A66E-98C9865E5C1B}.Ad-Hoc|iPhoneSimulator.ActiveCfg = Release|Any CPU
		{2F509AD1-DFC1-4C4B-A66E-98C9865E5C1B}.Ad-Hoc|iPhoneSimulator.Build.0 = Release|Any CPU
		{2F509AD1-DFC1-4C4B-A66E-98C9865E5C1B}.Ad-Hoc|iPhoneSimulator.Deploy.0 = Release|Any CPU
		{2F509AD1-DFC1-4C4B-A66E-98C9865E5C1B}.Ad-Hoc|x64.ActiveCfg = Release|Any CPU
		{2F509AD1-DFC1-4C4B-A66E-98C9865E5C1B}.Ad-Hoc|x64.Build.0 = Release|Any CPU
		{2F509AD1-DFC1-4C4B-A66E-98C9865E5C1B}.Ad-Hoc|x64.Deploy.0 = Release|Any CPU
		{2F509AD1-DFC1-4C4B-A66E-98C9865E5C1B}.Ad-Hoc|x86.ActiveCfg = Release|x86
		{2F509AD1-DFC1-4C4B-A66E-98C9865E5C1B}.Ad-Hoc|x86.Build.0 = Release|x86
		{2F509AD1-DFC1-4C4B-A66E-98C9865E5C1B}.Ad-Hoc|x86.Deploy.0 = Release|x86
		{2F509AD1-DFC1-4C4B-A66E-98C9865E5C1B}.AppStore|Any CPU.ActiveCfg = Release|Any CPU
		{2F509AD1-DFC1-4C4B-A66E-98C9865E5C1B}.AppStore|Any CPU.Build.0 = Release|Any CPU
		{2F509AD1-DFC1-4C4B-A66E-98C9865E5C1B}.AppStore|Any CPU.Deploy.0 = Release|Any CPU
		{2F509AD1-DFC1-4C4B-A66E-98C9865E5C1B}.AppStore|ARM.ActiveCfg = Release|ARM
		{2F509AD1-DFC1-4C4B-A66E-98C9865E5C1B}.AppStore|ARM.Build.0 = Release|ARM
		{2F509AD1-DFC1-4C4B-A66E-98C9865E5C1B}.AppStore|ARM.Deploy.0 = Release|ARM
		{2F509AD1-DFC1-4C4B-A66E-98C9865E5C1B}.AppStore|iPhone.ActiveCfg = Release|Any CPU
		{2F509AD1-DFC1-4C4B-A66E-98C9865E5C1B}.AppStore|iPhone.Build.0 = Release|Any CPU
		{2F509AD1-DFC1-4C4B-A66E-98C9865E5C1B}.AppStore|iPhone.Deploy.0 = Release|Any CPU
		{2F509AD1-DFC1-4C4B-A66E-98C9865E5C1B}.AppStore|iPhoneSimulator.ActiveCfg = Release|Any CPU
		{2F509AD1-DFC1-4C4B-A66E-98C9865E5C1B}.AppStore|iPhoneSimulator.Build.0 = Release|Any CPU
		{2F509AD1-DFC1-4C4B-A66E-98C9865E5C1B}.AppStore|iPhoneSimulator.Deploy.0 = Release|Any CPU
		{2F509AD1-DFC1-4C4B-A66E-98C9865E5C1B}.AppStore|x64.ActiveCfg = Release|Any CPU
		{2F509AD1-DFC1-4C4B-A66E-98C9865E5C1B}.AppStore|x64.Build.0 = Release|Any CPU
		{2F509AD1-DFC1-4C4B-A66E-98C9865E5C1B}.AppStore|x64.Deploy.0 = Release|Any CPU
		{2F509AD1-DFC1-4C4B-A66E-98C9865E5C1B}.AppStore|x86.ActiveCfg = Release|x86
		{2F509AD1-DFC1-4C4B-A66E-98C9865E5C1B}.AppStore|x86.Build.0 = Release|x86
		{2F509AD1-DFC1-4C4B-A66E-98C9865E5C1B}.AppStore|x86.Deploy.0 = Release|x86
		{2F509AD1-DFC1-4C4B-A66E-98C9865E5C1B}.Debug|Any CPU.ActiveCfg = Debug|Any CPU
		{2F509AD1-DFC1-4C4B-A66E-98C9865E5C1B}.Debug|Any CPU.Build.0 = Debug|Any CPU
		{2F509AD1-DFC1-4C4B-A66E-98C9865E5C1B}.Debug|Any CPU.Deploy.0 = Debug|Any CPU
		{2F509AD1-DFC1-4C4B-A66E-98C9865E5C1B}.Debug|ARM.ActiveCfg = Debug|ARM
		{2F509AD1-DFC1-4C4B-A66E-98C9865E5C1B}.Debug|ARM.Build.0 = Debug|ARM
		{2F509AD1-DFC1-4C4B-A66E-98C9865E5C1B}.Debug|ARM.Deploy.0 = Debug|ARM
		{2F509AD1-DFC1-4C4B-A66E-98C9865E5C1B}.Debug|iPhone.ActiveCfg = Debug|Any CPU
		{2F509AD1-DFC1-4C4B-A66E-98C9865E5C1B}.Debug|iPhone.Build.0 = Debug|Any CPU
		{2F509AD1-DFC1-4C4B-A66E-98C9865E5C1B}.Debug|iPhone.Deploy.0 = Debug|Any CPU
		{2F509AD1-DFC1-4C4B-A66E-98C9865E5C1B}.Debug|iPhoneSimulator.ActiveCfg = Debug|Any CPU
		{2F509AD1-DFC1-4C4B-A66E-98C9865E5C1B}.Debug|iPhoneSimulator.Build.0 = Debug|Any CPU
		{2F509AD1-DFC1-4C4B-A66E-98C9865E5C1B}.Debug|iPhoneSimulator.Deploy.0 = Debug|Any CPU
		{2F509AD1-DFC1-4C4B-A66E-98C9865E5C1B}.Debug|x64.ActiveCfg = Debug|Any CPU
		{2F509AD1-DFC1-4C4B-A66E-98C9865E5C1B}.Debug|x64.Build.0 = Debug|Any CPU
		{2F509AD1-DFC1-4C4B-A66E-98C9865E5C1B}.Debug|x64.Deploy.0 = Debug|Any CPU
		{2F509AD1-DFC1-4C4B-A66E-98C9865E5C1B}.Debug|x86.ActiveCfg = Debug|x86
		{2F509AD1-DFC1-4C4B-A66E-98C9865E5C1B}.Debug|x86.Build.0 = Debug|x86
		{2F509AD1-DFC1-4C4B-A66E-98C9865E5C1B}.Debug|x86.Deploy.0 = Debug|x86
		{2F509AD1-DFC1-4C4B-A66E-98C9865E5C1B}.Release|Any CPU.ActiveCfg = Release|Any CPU
		{2F509AD1-DFC1-4C4B-A66E-98C9865E5C1B}.Release|Any CPU.Build.0 = Release|Any CPU
		{2F509AD1-DFC1-4C4B-A66E-98C9865E5C1B}.Release|Any CPU.Deploy.0 = Release|Any CPU
		{2F509AD1-DFC1-4C4B-A66E-98C9865E5C1B}.Release|ARM.ActiveCfg = Release|ARM
		{2F509AD1-DFC1-4C4B-A66E-98C9865E5C1B}.Release|ARM.Build.0 = Release|ARM
		{2F509AD1-DFC1-4C4B-A66E-98C9865E5C1B}.Release|ARM.Deploy.0 = Release|ARM
		{2F509AD1-DFC1-4C4B-A66E-98C9865E5C1B}.Release|iPhone.ActiveCfg = Release|Any CPU
		{2F509AD1-DFC1-4C4B-A66E-98C9865E5C1B}.Release|iPhone.Build.0 = Release|Any CPU
		{2F509AD1-DFC1-4C4B-A66E-98C9865E5C1B}.Release|iPhone.Deploy.0 = Release|Any CPU
		{2F509AD1-DFC1-4C4B-A66E-98C9865E5C1B}.Release|iPhoneSimulator.ActiveCfg = Release|Any CPU
		{2F509AD1-DFC1-4C4B-A66E-98C9865E5C1B}.Release|iPhoneSimulator.Build.0 = Release|Any CPU
		{2F509AD1-DFC1-4C4B-A66E-98C9865E5C1B}.Release|iPhoneSimulator.Deploy.0 = Release|Any CPU
		{2F509AD1-DFC1-4C4B-A66E-98C9865E5C1B}.Release|x64.ActiveCfg = Release|Any CPU
		{2F509AD1-DFC1-4C4B-A66E-98C9865E5C1B}.Release|x64.Build.0 = Release|Any CPU
		{2F509AD1-DFC1-4C4B-A66E-98C9865E5C1B}.Release|x64.Deploy.0 = Release|Any CPU
		{2F509AD1-DFC1-4C4B-A66E-98C9865E5C1B}.Release|x86.ActiveCfg = Release|x86
		{2F509AD1-DFC1-4C4B-A66E-98C9865E5C1B}.Release|x86.Build.0 = Release|x86
		{2F509AD1-DFC1-4C4B-A66E-98C9865E5C1B}.Release|x86.Deploy.0 = Release|x86
		{3BCDF221-73C2-48A7-A99D-0CCC6D48DA39}.Ad-Hoc|Any CPU.ActiveCfg = Release|Any CPU
		{3BCDF221-73C2-48A7-A99D-0CCC6D48DA39}.Ad-Hoc|Any CPU.Build.0 = Release|Any CPU
		{3BCDF221-73C2-48A7-A99D-0CCC6D48DA39}.Ad-Hoc|Any CPU.Deploy.0 = Release|Any CPU
		{3BCDF221-73C2-48A7-A99D-0CCC6D48DA39}.Ad-Hoc|ARM.ActiveCfg = Release|ARM
		{3BCDF221-73C2-48A7-A99D-0CCC6D48DA39}.Ad-Hoc|ARM.Build.0 = Release|ARM
		{3BCDF221-73C2-48A7-A99D-0CCC6D48DA39}.Ad-Hoc|ARM.Deploy.0 = Release|ARM
		{3BCDF221-73C2-48A7-A99D-0CCC6D48DA39}.Ad-Hoc|iPhone.ActiveCfg = Release|Any CPU
		{3BCDF221-73C2-48A7-A99D-0CCC6D48DA39}.Ad-Hoc|iPhone.Build.0 = Release|Any CPU
		{3BCDF221-73C2-48A7-A99D-0CCC6D48DA39}.Ad-Hoc|iPhone.Deploy.0 = Release|Any CPU
		{3BCDF221-73C2-48A7-A99D-0CCC6D48DA39}.Ad-Hoc|iPhoneSimulator.ActiveCfg = Release|Any CPU
		{3BCDF221-73C2-48A7-A99D-0CCC6D48DA39}.Ad-Hoc|iPhoneSimulator.Build.0 = Release|Any CPU
		{3BCDF221-73C2-48A7-A99D-0CCC6D48DA39}.Ad-Hoc|iPhoneSimulator.Deploy.0 = Release|Any CPU
		{3BCDF221-73C2-48A7-A99D-0CCC6D48DA39}.Ad-Hoc|x64.ActiveCfg = Release|x64
		{3BCDF221-73C2-48A7-A99D-0CCC6D48DA39}.Ad-Hoc|x64.Build.0 = Release|x64
		{3BCDF221-73C2-48A7-A99D-0CCC6D48DA39}.Ad-Hoc|x64.Deploy.0 = Release|x64
		{3BCDF221-73C2-48A7-A99D-0CCC6D48DA39}.Ad-Hoc|x86.ActiveCfg = Release|x86
		{3BCDF221-73C2-48A7-A99D-0CCC6D48DA39}.Ad-Hoc|x86.Build.0 = Release|x86
		{3BCDF221-73C2-48A7-A99D-0CCC6D48DA39}.Ad-Hoc|x86.Deploy.0 = Release|x86
		{3BCDF221-73C2-48A7-A99D-0CCC6D48DA39}.AppStore|Any CPU.ActiveCfg = Release|Any CPU
		{3BCDF221-73C2-48A7-A99D-0CCC6D48DA39}.AppStore|Any CPU.Build.0 = Release|Any CPU
		{3BCDF221-73C2-48A7-A99D-0CCC6D48DA39}.AppStore|Any CPU.Deploy.0 = Release|Any CPU
		{3BCDF221-73C2-48A7-A99D-0CCC6D48DA39}.AppStore|ARM.ActiveCfg = Release|ARM
		{3BCDF221-73C2-48A7-A99D-0CCC6D48DA39}.AppStore|ARM.Build.0 = Release|ARM
		{3BCDF221-73C2-48A7-A99D-0CCC6D48DA39}.AppStore|ARM.Deploy.0 = Release|ARM
		{3BCDF221-73C2-48A7-A99D-0CCC6D48DA39}.AppStore|iPhone.ActiveCfg = Release|Any CPU
		{3BCDF221-73C2-48A7-A99D-0CCC6D48DA39}.AppStore|iPhone.Build.0 = Release|Any CPU
		{3BCDF221-73C2-48A7-A99D-0CCC6D48DA39}.AppStore|iPhone.Deploy.0 = Release|Any CPU
		{3BCDF221-73C2-48A7-A99D-0CCC6D48DA39}.AppStore|iPhoneSimulator.ActiveCfg = Release|Any CPU
		{3BCDF221-73C2-48A7-A99D-0CCC6D48DA39}.AppStore|iPhoneSimulator.Build.0 = Release|Any CPU
		{3BCDF221-73C2-48A7-A99D-0CCC6D48DA39}.AppStore|iPhoneSimulator.Deploy.0 = Release|Any CPU
		{3BCDF221-73C2-48A7-A99D-0CCC6D48DA39}.AppStore|x64.ActiveCfg = Release|x64
		{3BCDF221-73C2-48A7-A99D-0CCC6D48DA39}.AppStore|x64.Build.0 = Release|x64
		{3BCDF221-73C2-48A7-A99D-0CCC6D48DA39}.AppStore|x64.Deploy.0 = Release|x64
		{3BCDF221-73C2-48A7-A99D-0CCC6D48DA39}.AppStore|x86.ActiveCfg = Release|x86
		{3BCDF221-73C2-48A7-A99D-0CCC6D48DA39}.AppStore|x86.Build.0 = Release|x86
		{3BCDF221-73C2-48A7-A99D-0CCC6D48DA39}.AppStore|x86.Deploy.0 = Release|x86
		{3BCDF221-73C2-48A7-A99D-0CCC6D48DA39}.Debug|Any CPU.ActiveCfg = Debug|Any CPU
		{3BCDF221-73C2-48A7-A99D-0CCC6D48DA39}.Debug|Any CPU.Build.0 = Debug|Any CPU
		{3BCDF221-73C2-48A7-A99D-0CCC6D48DA39}.Debug|Any CPU.Deploy.0 = Debug|Any CPU
		{3BCDF221-73C2-48A7-A99D-0CCC6D48DA39}.Debug|ARM.ActiveCfg = Debug|ARM
		{3BCDF221-73C2-48A7-A99D-0CCC6D48DA39}.Debug|ARM.Build.0 = Debug|ARM
		{3BCDF221-73C2-48A7-A99D-0CCC6D48DA39}.Debug|ARM.Deploy.0 = Debug|ARM
		{3BCDF221-73C2-48A7-A99D-0CCC6D48DA39}.Debug|iPhone.ActiveCfg = Debug|Any CPU
		{3BCDF221-73C2-48A7-A99D-0CCC6D48DA39}.Debug|iPhone.Build.0 = Debug|Any CPU
		{3BCDF221-73C2-48A7-A99D-0CCC6D48DA39}.Debug|iPhone.Deploy.0 = Debug|Any CPU
		{3BCDF221-73C2-48A7-A99D-0CCC6D48DA39}.Debug|iPhoneSimulator.ActiveCfg = Debug|Any CPU
		{3BCDF221-73C2-48A7-A99D-0CCC6D48DA39}.Debug|iPhoneSimulator.Build.0 = Debug|Any CPU
		{3BCDF221-73C2-48A7-A99D-0CCC6D48DA39}.Debug|iPhoneSimulator.Deploy.0 = Debug|Any CPU
		{3BCDF221-73C2-48A7-A99D-0CCC6D48DA39}.Debug|x64.ActiveCfg = Debug|x64
		{3BCDF221-73C2-48A7-A99D-0CCC6D48DA39}.Debug|x64.Build.0 = Debug|x64
		{3BCDF221-73C2-48A7-A99D-0CCC6D48DA39}.Debug|x64.Deploy.0 = Debug|x64
		{3BCDF221-73C2-48A7-A99D-0CCC6D48DA39}.Debug|x86.ActiveCfg = Debug|x86
		{3BCDF221-73C2-48A7-A99D-0CCC6D48DA39}.Debug|x86.Build.0 = Debug|x86
		{3BCDF221-73C2-48A7-A99D-0CCC6D48DA39}.Debug|x86.Deploy.0 = Debug|x86
		{3BCDF221-73C2-48A7-A99D-0CCC6D48DA39}.Release|Any CPU.ActiveCfg = Release|Any CPU
		{3BCDF221-73C2-48A7-A99D-0CCC6D48DA39}.Release|Any CPU.Build.0 = Release|Any CPU
		{3BCDF221-73C2-48A7-A99D-0CCC6D48DA39}.Release|Any CPU.Deploy.0 = Release|Any CPU
		{3BCDF221-73C2-48A7-A99D-0CCC6D48DA39}.Release|ARM.ActiveCfg = Release|ARM
		{3BCDF221-73C2-48A7-A99D-0CCC6D48DA39}.Release|ARM.Build.0 = Release|ARM
		{3BCDF221-73C2-48A7-A99D-0CCC6D48DA39}.Release|ARM.Deploy.0 = Release|ARM
		{3BCDF221-73C2-48A7-A99D-0CCC6D48DA39}.Release|iPhone.ActiveCfg = Release|Any CPU
		{3BCDF221-73C2-48A7-A99D-0CCC6D48DA39}.Release|iPhone.Build.0 = Release|Any CPU
		{3BCDF221-73C2-48A7-A99D-0CCC6D48DA39}.Release|iPhone.Deploy.0 = Release|Any CPU
		{3BCDF221-73C2-48A7-A99D-0CCC6D48DA39}.Release|iPhoneSimulator.ActiveCfg = Release|Any CPU
		{3BCDF221-73C2-48A7-A99D-0CCC6D48DA39}.Release|iPhoneSimulator.Build.0 = Release|Any CPU
		{3BCDF221-73C2-48A7-A99D-0CCC6D48DA39}.Release|iPhoneSimulator.Deploy.0 = Release|Any CPU
		{3BCDF221-73C2-48A7-A99D-0CCC6D48DA39}.Release|x64.ActiveCfg = Release|x64
		{3BCDF221-73C2-48A7-A99D-0CCC6D48DA39}.Release|x64.Build.0 = Release|x64
		{3BCDF221-73C2-48A7-A99D-0CCC6D48DA39}.Release|x64.Deploy.0 = Release|x64
		{3BCDF221-73C2-48A7-A99D-0CCC6D48DA39}.Release|x86.ActiveCfg = Release|x86
		{3BCDF221-73C2-48A7-A99D-0CCC6D48DA39}.Release|x86.Build.0 = Release|x86
		{3BCDF221-73C2-48A7-A99D-0CCC6D48DA39}.Release|x86.Deploy.0 = Release|x86
		{E5269136-4E9C-4E7A-889A-4875AEEDBC39}.Ad-Hoc|Any CPU.ActiveCfg = Release|Any CPU
		{E5269136-4E9C-4E7A-889A-4875AEEDBC39}.Ad-Hoc|Any CPU.Build.0 = Release|Any CPU
		{E5269136-4E9C-4E7A-889A-4875AEEDBC39}.Ad-Hoc|ARM.ActiveCfg = Release|Any CPU
		{E5269136-4E9C-4E7A-889A-4875AEEDBC39}.Ad-Hoc|ARM.Build.0 = Release|Any CPU
		{E5269136-4E9C-4E7A-889A-4875AEEDBC39}.Ad-Hoc|iPhone.ActiveCfg = Release|Any CPU
		{E5269136-4E9C-4E7A-889A-4875AEEDBC39}.Ad-Hoc|iPhone.Build.0 = Release|Any CPU
		{E5269136-4E9C-4E7A-889A-4875AEEDBC39}.Ad-Hoc|iPhoneSimulator.ActiveCfg = Release|Any CPU
		{E5269136-4E9C-4E7A-889A-4875AEEDBC39}.Ad-Hoc|iPhoneSimulator.Build.0 = Release|Any CPU
		{E5269136-4E9C-4E7A-889A-4875AEEDBC39}.Ad-Hoc|x64.ActiveCfg = Release|Any CPU
		{E5269136-4E9C-4E7A-889A-4875AEEDBC39}.Ad-Hoc|x64.Build.0 = Release|Any CPU
		{E5269136-4E9C-4E7A-889A-4875AEEDBC39}.Ad-Hoc|x86.ActiveCfg = Release|Any CPU
		{E5269136-4E9C-4E7A-889A-4875AEEDBC39}.Ad-Hoc|x86.Build.0 = Release|Any CPU
		{E5269136-4E9C-4E7A-889A-4875AEEDBC39}.AppStore|Any CPU.ActiveCfg = Release|Any CPU
		{E5269136-4E9C-4E7A-889A-4875AEEDBC39}.AppStore|Any CPU.Build.0 = Release|Any CPU
		{E5269136-4E9C-4E7A-889A-4875AEEDBC39}.AppStore|ARM.ActiveCfg = Release|Any CPU
		{E5269136-4E9C-4E7A-889A-4875AEEDBC39}.AppStore|ARM.Build.0 = Release|Any CPU
		{E5269136-4E9C-4E7A-889A-4875AEEDBC39}.AppStore|iPhone.ActiveCfg = Release|Any CPU
		{E5269136-4E9C-4E7A-889A-4875AEEDBC39}.AppStore|iPhone.Build.0 = Release|Any CPU
		{E5269136-4E9C-4E7A-889A-4875AEEDBC39}.AppStore|iPhoneSimulator.ActiveCfg = Release|Any CPU
		{E5269136-4E9C-4E7A-889A-4875AEEDBC39}.AppStore|iPhoneSimulator.Build.0 = Release|Any CPU
		{E5269136-4E9C-4E7A-889A-4875AEEDBC39}.AppStore|x64.ActiveCfg = Release|Any CPU
		{E5269136-4E9C-4E7A-889A-4875AEEDBC39}.AppStore|x64.Build.0 = Release|Any CPU
		{E5269136-4E9C-4E7A-889A-4875AEEDBC39}.AppStore|x86.ActiveCfg = Release|Any CPU
		{E5269136-4E9C-4E7A-889A-4875AEEDBC39}.AppStore|x86.Build.0 = Release|Any CPU
		{E5269136-4E9C-4E7A-889A-4875AEEDBC39}.Debug|Any CPU.ActiveCfg = Debug|Any CPU
		{E5269136-4E9C-4E7A-889A-4875AEEDBC39}.Debug|Any CPU.Build.0 = Debug|Any CPU
		{E5269136-4E9C-4E7A-889A-4875AEEDBC39}.Debug|ARM.ActiveCfg = Debug|Any CPU
		{E5269136-4E9C-4E7A-889A-4875AEEDBC39}.Debug|ARM.Build.0 = Debug|Any CPU
		{E5269136-4E9C-4E7A-889A-4875AEEDBC39}.Debug|iPhone.ActiveCfg = Debug|Any CPU
		{E5269136-4E9C-4E7A-889A-4875AEEDBC39}.Debug|iPhone.Build.0 = Debug|Any CPU
		{E5269136-4E9C-4E7A-889A-4875AEEDBC39}.Debug|iPhoneSimulator.ActiveCfg = Debug|Any CPU
		{E5269136-4E9C-4E7A-889A-4875AEEDBC39}.Debug|iPhoneSimulator.Build.0 = Debug|Any CPU
		{E5269136-4E9C-4E7A-889A-4875AEEDBC39}.Debug|x64.ActiveCfg = Debug|Any CPU
		{E5269136-4E9C-4E7A-889A-4875AEEDBC39}.Debug|x64.Build.0 = Debug|Any CPU
		{E5269136-4E9C-4E7A-889A-4875AEEDBC39}.Debug|x86.ActiveCfg = Debug|Any CPU
		{E5269136-4E9C-4E7A-889A-4875AEEDBC39}.Debug|x86.Build.0 = Debug|Any CPU
		{E5269136-4E9C-4E7A-889A-4875AEEDBC39}.Release|Any CPU.ActiveCfg = Release|Any CPU
		{E5269136-4E9C-4E7A-889A-4875AEEDBC39}.Release|Any CPU.Build.0 = Release|Any CPU
		{E5269136-4E9C-4E7A-889A-4875AEEDBC39}.Release|ARM.ActiveCfg = Release|Any CPU
		{E5269136-4E9C-4E7A-889A-4875AEEDBC39}.Release|ARM.Build.0 = Release|Any CPU
		{E5269136-4E9C-4E7A-889A-4875AEEDBC39}.Release|iPhone.ActiveCfg = Release|Any CPU
		{E5269136-4E9C-4E7A-889A-4875AEEDBC39}.Release|iPhone.Build.0 = Release|Any CPU
		{E5269136-4E9C-4E7A-889A-4875AEEDBC39}.Release|iPhoneSimulator.ActiveCfg = Release|Any CPU
		{E5269136-4E9C-4E7A-889A-4875AEEDBC39}.Release|iPhoneSimulator.Build.0 = Release|Any CPU
		{E5269136-4E9C-4E7A-889A-4875AEEDBC39}.Release|x64.ActiveCfg = Release|Any CPU
		{E5269136-4E9C-4E7A-889A-4875AEEDBC39}.Release|x64.Build.0 = Release|Any CPU
		{E5269136-4E9C-4E7A-889A-4875AEEDBC39}.Release|x86.ActiveCfg = Release|Any CPU
		{E5269136-4E9C-4E7A-889A-4875AEEDBC39}.Release|x86.Build.0 = Release|Any CPU
	EndGlobalSection
	GlobalSection(SolutionProperties) = preSolution
		HideSolutionNode = FALSE
	EndGlobalSection
EndGlobal
